{
  "version": 2,
  "dependencies": {
    ".NETStandard,Version=v2.1": {
      "arkus.game.authoring": {
        "type": "Project",
        "dependencies": {
          "Arkus.Game.Core": "[1.0.0, )",
          "Arkus.Game.World": "[1.0.0, )",
          "Arkus.Harness.Protocol": "[1.0.0, )"
        }
      },
      "arkus.game.core": {
        "type": "Project"
      },
      "arkus.game.validation": {
        "type": "Project",
        "dependencies": {
          "Arkus.Game.Core": "[1.0.0, )",
          "Arkus.Game.World": "[1.0.0, )",
          "Arkus.Harness.Protocol": "[1.0.0, )"
        }
      },
      "arkus.game.world": {
        "type": "Project",
        "dependencies": {
          "Arkus.Game.Core": "[1.0.0, )"
        }
      },
      "arkus.harness.protocol": {
        "type": "Project"
      }
    }
  }
}