{
  "version": 2,
  "dependencies": {
    "net8.0": {
      "arkus.game.authoring": {
        "type": "Project",
        "dependencies": {
          "Arkus.Game.Core": "[1.0.0, )",
          "Arkus.Game.World": "[1.0.0, )",
          "Arkus.Harness.Protocol": "[1.0.0, )"
        }
      },
      "arkus.game.core": {
        "type": "Project"
      },
      "arkus.game.validation": {
        "type": "Project",
        "dependencies": {
          "Arkus.Game.Core": "[1.0.0, )",
          "Arkus.Game.World": "[1.0.0, )",
          "Arkus.Harness.Protocol": "[1.0.0, )"
        }
      },
      "arkus.game.world": {
        "type": "Project",
        "dependencies": {
          "Arkus.Game.Core": "[1.0.0, )"
        }
      },
      "arkus.harness.protocol": {
        "type": "Project"
      },
      "arkus.harness.runtime": {
        "type": "Project",
        "dependencies": {
          "Arkus.Game.Authoring": "[1.0.0, )",
          "Arkus.Game.Validation": "[1.0.0, )",
          "Arkus.Harness.Protocol": "[1.0.0, )"
        }
      }
    }
  }
}